
Microsoft Visual Studio Solution File, Format Version 12.00
# Visual Studio Version 16
VisualStudioVersion = 16.0.30717.126
MinimumVisualStudioVersion = 10.0.40219.1
Project("{FAE04EC0-301F-11D3-BF4B-00C04F79EFBC}") = "Transport fleet management system", "Transport fleet management system\Transport fleet management system.csproj", "{D1DA85D0-D76F-4B4C-8CB3-839FD8CBA5DD}"
EndProject
Global
	GlobalSection(SolutionConfigurationPlatforms) = preSolution
		Debug|Any CPU = Debug|Any CPU
		Release|Any CPU = Release|Any CPU
	EndGlobalSection
	GlobalSection(ProjectConfigurationPlatforms) = postSolution
		{D1DA85D0-D76F-4B4C-8CB3-839FD8CBA5DD}.Debug|Any CPU.ActiveCfg = Debug|Any CPU
		{D1DA85D0-D76F-4B4C-8CB3-839FD8CBA5DD}.Debug|Any CPU.Build.0 = Debug|Any CPU
		{D1DA85D0-D76F-4B4C-8CB3-839FD8CBA5DD}.Release|Any CPU.ActiveCfg = Release|Any CPU
		{D1DA85D0-D76F-4B4C-8CB3-839FD8CBA5DD}.Release|Any CPU.Build.0 = Release|Any CPU
	EndGlobalSection
	GlobalSection(SolutionProperties) = preSolution
		HideSolutionNode = FALSE
	EndGlobalSection
	GlobalSection(ExtensibilityGlobals) = postSolution
		SolutionGuid = {FBA37528-C30A-4F12-BB03-A8AC2899C59C}
	EndGlobalSection
EndGlobal
